{
    "name": "@cdmx/wappler_ag_grid",
    "version": "1.9.5-test",
    "lockfileVersion": 3,
    "requires": true,
    "packages": {
        "": {
            "name": "@cdmx/wappler_ag_grid",
            "version": "1.9.5-test",
            "license": "MIT",
            "dependencies": {
                "ag-grid-community": "^32.3.3"
            }
        },
        "node_modules/ag-charts-types": {
            "version": "10.3.3",
            "resolved": "https://registry.npmjs.org/ag-charts-types/-/ag-charts-types-10.3.3.tgz",
            "integrity": "sha512-8rmyquaTkwfP4Lzei/W/cbkq9wwEl8+grIo3z97mtxrMIXh9sHJK1oJipd/u08MmBZrca5Jjtn5F1+UNPu/4fQ==",
            "license": "MIT"
        },
        "node_modules/ag-grid-community": {
            "version": "32.3.3",
            "resolved": "https://registry.npmjs.org/ag-grid-community/-/ag-grid-community-32.3.3.tgz",
            "integrity": "sha512-KhSJ3B6mwRFA4cLjNjOZkDndJBh8o83794ZHl4Q7xP9MJf43oCN9qoZ8pyBanohgpVfLcP0scYYCr9xIlzjdiA==",
            "license": "MIT",
            "dependencies": {
                "ag-charts-types": "10.3.3"
            }
        }
    }
}
