{
    "name": "@cdmx/wappler_ag_grid",
    "version": "0.6.7",
    "lockfileVersion": 3,
    "requires": true,
    "packages": {
        "": {
            "name": "@cdmx/wappler_ag_grid",
            "version": "0.6.7",
            "license": "MIT",
            "dependencies": {
                "ag-grid-community": "30.0.*"
            }
        },
        "node_modules/ag-grid-community": {
            "version": "30.0.6",
            "resolved": "https://registry.npmjs.org/ag-grid-community/-/ag-grid-community-30.0.6.tgz",
            "integrity": "sha512-aMTJNXFDC00QxMaI0/V6M0GTzAtsXUvuxuld97S1Kqb4LvFNsycZlQ3/IcHW7JangRQZxAcwmSpBQBV/lcWoEg=="
        }
    }
}
