{
    "name": "@cdmx/wappler_ag_grid",
    "version": "0.6.5",
    "lockfileVersion": 2,
    "requires": true,
    "packages": {
        "": {
            "name": "@cdmx/wappler_ag_grid",
            "version": "0.6.5",
            "dependencies": {
                "ag-grid-community": "^30.0.6"
            },
            "license": "MIT"
        }
    }
}